// !$*UTF8*$!
{
	archiveVersion = 1;
	classes = {
	};
	objectVersion = 51;
	objects = {

/* Begin PBXBuildFile section */
		8983A962261FF9EC007CBFFF /* AppDelegate.swift in Sources */ = {isa = PBXBuildFile; fileRef = 8983A961261FF9EC007CBFFF /* AppDelegate.swift */; };
		8983A964261FF9EC007CBFFF /* SceneDelegate.swift in Sources */ = {isa = PBXBuildFile; fileRef = 8983A963261FF9EC007CBFFF /* SceneDelegate.swift */; };
		8983A966261FF9EC007CBFFF /* ViewController.swift in Sources */ = {isa = PBXBuildFile; fileRef = 8983A965261FF9EC007CBFFF /* ViewController.swift */; };
		8983A969261FF9EC007CBFFF /* Main.storyboard in Resources */ = {isa = PBXBuildFile; fileRef = 8983A967261FF9EC007CBFFF /* Main.storyboard */; };
		8983A96B261FF9F0007CBFFF /* Assets.xcassets in Resources */ = {isa = PBXBuildFile; fileRef = 8983A96A261FF9F0007CBFFF /* Assets.xcassets */; };
		8983A96E261FF9F0007CBFFF /* LaunchScreen.storyboard in Resources */ = {isa = PBXBuildFile; fileRef = 8983A96C261FF9F0007CBFFF /* LaunchScreen.storyboard */; };
		8983A979261FF9F1007CBFFF /* Canada_Covid_19_Vaccine_TrackerTests.swift in Sources */ = {isa = PBXBuildFile; fileRef = 8983A978261FF9F1007CBFFF /* Canada_Covid_19_Vaccine_TrackerTests.swift */; };
		8983A984261FF9F1007CBFFF /* Canada_Covid_19_Vaccine_TrackerUITests.swift in Sources */ = {isa = PBXBuildFile; fileRef = 8983A983261FF9F1007CBFFF /* Canada_Covid_19_Vaccine_TrackerUITests.swift */; };
		8983A995261FFE85007CBFFF /* SummaryData.swift in Sources */ = {isa = PBXBuildFile; fileRef = 8983A994261FFE85007CBFFF /* SummaryData.swift */; };
		8983A99A261FFF67007CBFFF /* SummaryManager.swift in Sources */ = {isa = PBXBuildFile; fileRef = 8983A999261FFF67007CBFFF /* SummaryManager.swift */; };
		89F78AFB262913D100CDCE8B /* hjbjbjb.storyboard in Resources */ = {isa = PBXBuildFile; fileRef = 89F78AFA262913D000CDCE8B /* hjbjbjb.storyboard */; };
		9C8E830F3708A28676345EB0 /* Pods_Canada_Covid_19_Vaccine_Tracker.framework in Frameworks */ = {isa = PBXBuildFile; fileRef = 478AA2F1472FE910EDD43E0F /* Pods_Canada_Covid_19_Vaccine_Tracker.framework */; };
		BCF34C31CE98D1CB542661EF /* Pods_Canada_Covid_19_Vaccine_TrackerTests.framework in Frameworks */ = {isa = PBXBuildFile; fileRef = 01323559F879F4C2CDB2791C /* Pods_Canada_Covid_19_Vaccine_TrackerTests.framework */; };
		BEA3C5745A285DF37B5EF2C0 /* Pods_Canada_Covid_19_Vaccine_Tracker_Canada_Covid_19_Vaccine_TrackerUITests.framework in Frameworks */ = {isa = PBXBuildFile; fileRef = 13455124090FDE03B1A2F3DF /* Pods_Canada_Covid_19_Vaccine_Tracker_Canada_Covid_19_Vaccine_TrackerUITests.framework */; };
/* End PBXBuildFile section */

/* Begin PBXContainerItemProxy section */
		8983A975261FF9F1007CBFFF /* PBXContainerItemProxy */ = {
			isa = PBXContainerItemProxy;
			containerPortal = 8983A956261FF9EC007CBFFF /* Project object */;
			proxyType = 1;
			remoteGlobalIDString = 8983A95D261FF9EC007CBFFF;
			remoteInfo = "Canada Covid-19 Vaccine Tracker";
		};
		8983A980261FF9F1007CBFFF /* PBXContainerItemProxy */ = {
			isa = PBXContainerItemProxy;
			containerPortal = 8983A956261FF9EC007CBFFF /* Project object */;
			proxyType = 1;
			remoteGlobalIDString = 8983A95D261FF9EC007CBFFF;
			remoteInfo = "Canada Covid-19 Vaccine Tracker";
		};
/* End PBXContainerItemProxy section */

/* Begin PBXFileReference section */
		01323559F879F4C2CDB2791C /* Pods_Canada_Covid_19_Vaccine_TrackerTests.framework */ = {isa = PBXFileReference; explicitFileType = wrapper.framework; includeInIndex = 0; path = Pods_Canada_Covid_19_Vaccine_TrackerTests.framework; sourceTree = BUILT_PRODUCTS_DIR; };
		05DE6E3E9E48E09AF7FECB92 /* Pods-Canada Covid-19 Vaccine Tracker.debug.xcconfig */ = {isa = PBXFileReference; includeInIndex = 1; lastKnownFileType = text.xcconfig; name = "Pods-Canada Covid-19 Vaccine Tracker.debug.xcconfig"; path = "Target Support Files/Pods-Canada Covid-19 Vaccine Tracker/Pods-Canada Covid-19 Vaccine Tracker.debug.xcconfig"; sourceTree = "<group>"; };
		13455124090FDE03B1A2F3DF /* Pods_Canada_Covid_19_Vaccine_Tracker_Canada_Covid_19_Vaccine_TrackerUITests.framework */ = {isa = PBXFileReference; explicitFileType = wrapper.framework; includeInIndex = 0; path = Pods_Canada_Covid_19_Vaccine_Tracker_Canada_Covid_19_Vaccine_TrackerUITests.framework; sourceTree = BUILT_PRODUCTS_DIR; };
		2FA143D781FAF91D0A4B51AA /* Pods-Canada Covid-19 Vaccine Tracker-Canada Covid-19 Vaccine TrackerUITests.debug.xcconfig */ = {isa = PBXFileReference; includeInIndex = 1; lastKnownFileType = text.xcconfig; name = "Pods-Canada Covid-19 Vaccine Tracker-Canada Covid-19 Vaccine TrackerUITests.debug.xcconfig"; path = "Target Support Files/Pods-Canada Covid-19 Vaccine Tracker-Canada Covid-19 Vaccine TrackerUITests/Pods-Canada Covid-19 Vaccine Tracker-Canada Covid-19 Vaccine TrackerUITests.debug.xcconfig"; sourceTree = "<group>"; };
		46C282C398D695FF05AB7452 /* Pods-Canada Covid-19 Vaccine TrackerTests.debug.xcconfig */ = {isa = PBXFileReference; includeInIndex = 1; lastKnownFileType = text.xcconfig; name = "Pods-Canada Covid-19 Vaccine TrackerTests.debug.xcconfig"; path = "Target Support Files/Pods-Canada Covid-19 Vaccine TrackerTests/Pods-Canada Covid-19 Vaccine TrackerTests.debug.xcconfig"; sourceTree = "<group>"; };
		478AA2F1472FE910EDD43E0F /* Pods_Canada_Covid_19_Vaccine_Tracker.framework */ = {isa = PBXFileReference; explicitFileType = wrapper.framework; includeInIndex = 0; path = Pods_Canada_Covid_19_Vaccine_Tracker.framework; sourceTree = BUILT_PRODUCTS_DIR; };
		6A71A3C89170B7655FFF3AC4 /* Pods-Canada Covid-19 Vaccine TrackerTests.release.xcconfig */ = {isa = PBXFileReference; includeInIndex = 1; lastKnownFileType = text.xcconfig; name = "Pods-Canada Covid-19 Vaccine TrackerTests.release.xcconfig"; path = "Target Support Files/Pods-Canada Covid-19 Vaccine TrackerTests/Pods-Canada Covid-19 Vaccine TrackerTests.release.xcconfig"; sourceTree = "<group>"; };
		89532DCB262219020074EFBE /* Canada Covid-19 Vaccine TrackerTests.xctest */ = {isa = PBXFileReference; explicitFileType = wrapper.cfbundle; includeInIndex = 0; path = "Canada Covid-19 Vaccine TrackerTests.xctest"; sourceTree = BUILT_PRODUCTS_DIR; };
		89532DCC262219020074EFBE /* Canada Covid-19 Vaccine TrackerUITests.xctest */ = {isa = PBXFileReference; explicitFileType = wrapper.cfbundle; includeInIndex = 0; path = "Canada Covid-19 Vaccine TrackerUITests.xctest"; sourceTree = BUILT_PRODUCTS_DIR; };
		8983A961261FF9EC007CBFFF /* AppDelegate.swift */ = {isa = PBXFileReference; lastKnownFileType = sourcecode.swift; path = AppDelegate.swift; sourceTree = "<group>"; };
		8983A963261FF9EC007CBFFF /* SceneDelegate.swift */ = {isa = PBXFileReference; lastKnownFileType = sourcecode.swift; path = SceneDelegate.swift; sourceTree = "<group>"; };
		8983A965261FF9EC007CBFFF /* ViewController.swift */ = {isa = PBXFileReference; lastKnownFileType = sourcecode.swift; path = ViewController.swift; sourceTree = "<group>"; };
		8983A968261FF9EC007CBFFF /* Base */ = {isa = PBXFileReference; lastKnownFileType = file.storyboard; name = Base; path = Base.lproj/Main.storyboard; sourceTree = "<group>"; };
		8983A96A261FF9F0007CBFFF /* Assets.xcassets */ = {isa = PBXFileReference; lastKnownFileType = folder.assetcatalog; path = Assets.xcassets; sourceTree = "<group>"; };
		8983A96D261FF9F0007CBFFF /* Base */ = {isa = PBXFileReference; lastKnownFileType = file.storyboard; name = Base; path = Base.lproj/LaunchScreen.storyboard; sourceTree = "<group>"; };
		8983A96F261FF9F0007CBFFF /* Info.plist */ = {isa = PBXFileReference; lastKnownFileType = text.plist.xml; path = Info.plist; sourceTree = "<group>"; };
		8983A978261FF9F1007CBFFF /* Canada_Covid_19_Vaccine_TrackerTests.swift */ = {isa = PBXFileReference; lastKnownFileType = sourcecode.swift; path = Canada_Covid_19_Vaccine_TrackerTests.swift; sourceTree = "<group>"; };
		8983A97A261FF9F1007CBFFF /* Info.plist */ = {isa = PBXFileReference; lastKnownFileType = text.plist.xml; path = Info.plist; sourceTree = "<group>"; };
		8983A983261FF9F1007CBFFF /* Canada_Covid_19_Vaccine_TrackerUITests.swift */ = {isa = PBXFileReference; lastKnownFileType = sourcecode.swift; path = Canada_Covid_19_Vaccine_TrackerUITests.swift; sourceTree = "<group>"; };
		8983A985261FF9F1007CBFFF /* Info.plist */ = {isa = PBXFileReference; lastKnownFileType = text.plist.xml; path = Info.plist; sourceTree = "<group>"; };
		8983A994261FFE85007CBFFF /* SummaryData.swift */ = {isa = PBXFileReference; lastKnownFileType = sourcecode.swift; path = SummaryData.swift; sourceTree = "<group>"; };
		8983A999261FFF67007CBFFF /* SummaryManager.swift */ = {isa = PBXFileReference; lastKnownFileType = sourcecode.swift; path = SummaryManager.swift; sourceTree = "<group>"; };
		8993E8BB2620F64B0061DE72 /* Canada Covid-19 Vaccine Tracker.app */ = {isa = PBXFileReference; explicitFileType = wrapper.application; includeInIndex = 0; path = "Canada Covid-19 Vaccine Tracker.app"; sourceTree = BUILT_PRODUCTS_DIR; };
		89F78AFA262913D000CDCE8B /* hjbjbjb.storyboard */ = {isa = PBXFileReference; fileEncoding = 4; lastKnownFileType = file.storyboard; name = hjbjbjb.storyboard; path = ../../../Desktop/hjbjbjb.storyboard; sourceTree = "<group>"; };
		9D3A68D8E4A7CF7A418F6E15 /* Pods-Canada Covid-19 Vaccine Tracker.release.xcconfig */ = {isa = PBXFileReference; includeInIndex = 1; lastKnownFileType = text.xcconfig; name = "Pods-Canada Covid-19 Vaccine Tracker.release.xcconfig"; path = "Target Support Files/Pods-Canada Covid-19 Vaccine Tracker/Pods-Canada Covid-19 Vaccine Tracker.release.xcconfig"; sourceTree = "<group>"; };
		ABB0939C150745FE836FF26E /* Pods-Canada Covid-19 Vaccine Tracker-Canada Covid-19 Vaccine TrackerUITests.release.xcconfig */ = {isa = PBXFileReference; includeInIndex = 1; lastKnownFileType = text.xcconfig; name = "Pods-Canada Covid-19 Vaccine Tracker-Canada Covid-19 Vaccine TrackerUITests.release.xcconfig"; path = "Target Support Files/Pods-Canada Covid-19 Vaccine Tracker-Canada Covid-19 Vaccine TrackerUITests/Pods-Canada Covid-19 Vaccine Tracker-Canada Covid-19 Vaccine TrackerUITests.release.xcconfig"; sourceTree = "<group>"; };
/* End PBXFileReference section */

/* Begin PBXFrameworksBuildPhase section */
		8983A95B261FF9EC007CBFFF /* Frameworks */ = {
			isa = PBXFrameworksBuildPhase;
			buildActionMask = 2147483647;
			files = (
				9C8E830F3708A28676345EB0 /* Pods_Canada_Covid_19_Vaccine_Tracker.framework in Frameworks */,
			);
			runOnlyForDeploymentPostprocessing = 0;
		};
		8983A971261FF9F1007CBFFF /* Frameworks */ = {
			isa = PBXFrameworksBuildPhase;
			buildActionMask = 2147483647;
			files = (
				BCF34C31CE98D1CB542661EF /* Pods_Canada_Covid_19_Vaccine_TrackerTests.framework in Frameworks */,
			);
			runOnlyForDeploymentPostprocessing = 0;
		};
		8983A97C261FF9F1007CBFFF /* Frameworks */ = {
			isa = PBXFrameworksBuildPhase;
			buildActionMask = 2147483647;
			files = (
				BEA3C5745A285DF37B5EF2C0 /* Pods_Canada_Covid_19_Vaccine_Tracker_Canada_Covid_19_Vaccine_TrackerUITests.framework in Frameworks */,
			);
			runOnlyForDeploymentPostprocessing = 0;
		};
/* End PBXFrameworksBuildPhase section */

/* Begin PBXGroup section */
		3AB8963E7707A3E442256557 /* Pods */ = {
			isa = PBXGroup;
			children = (
				05DE6E3E9E48E09AF7FECB92 /* Pods-Canada Covid-19 Vaccine Tracker.debug.xcconfig */,
				9D3A68D8E4A7CF7A418F6E15 /* Pods-Canada Covid-19 Vaccine Tracker.release.xcconfig */,
				2FA143D781FAF91D0A4B51AA /* Pods-Canada Covid-19 Vaccine Tracker-Canada Covid-19 Vaccine TrackerUITests.debug.xcconfig */,
				ABB0939C150745FE836FF26E /* Pods-Canada Covid-19 Vaccine Tracker-Canada Covid-19 Vaccine TrackerUITests.release.xcconfig */,
				46C282C398D695FF05AB7452 /* Pods-Canada Covid-19 Vaccine TrackerTests.debug.xcconfig */,
				6A71A3C89170B7655FFF3AC4 /* Pods-Canada Covid-19 Vaccine TrackerTests.release.xcconfig */,
			);
			path = Pods;
			sourceTree = "<group>";
		};
		8983A955261FF9EC007CBFFF = {
			isa = PBXGroup;
			children = (
				8983A960261FF9EC007CBFFF /* Canada Covid-19 Vaccine Tracker */,
				8983A977261FF9F1007CBFFF /* Canada Covid-19 Vaccine TrackerTests */,
				8983A982261FF9F1007CBFFF /* Canada Covid-19 Vaccine TrackerUITests */,
				8993E8BB2620F64B0061DE72 /* Canada Covid-19 Vaccine Tracker.app */,
				3AB8963E7707A3E442256557 /* Pods */,
				9F717D58F4E19335D48814AD /* Frameworks */,
				89532DCB262219020074EFBE /* Canada Covid-19 Vaccine TrackerTests.xctest */,
				89532DCC262219020074EFBE /* Canada Covid-19 Vaccine TrackerUITests.xctest */,
			);
			sourceTree = "<group>";
		};
		8983A960261FF9EC007CBFFF /* Canada Covid-19 Vaccine Tracker */ = {
			isa = PBXGroup;
			children = (
				8983A994261FFE85007CBFFF /* SummaryData.swift */,
				8983A999261FFF67007CBFFF /* SummaryManager.swift */,
				8983A961261FF9EC007CBFFF /* AppDelegate.swift */,
				8983A963261FF9EC007CBFFF /* SceneDelegate.swift */,
				8983A965261FF9EC007CBFFF /* ViewController.swift */,
				8983A967261FF9EC007CBFFF /* Main.storyboard */,
				89F78AFA262913D000CDCE8B /* hjbjbjb.storyboard */,
				8983A96A261FF9F0007CBFFF /* Assets.xcassets */,
				8983A96C261FF9F0007CBFFF /* LaunchScreen.storyboard */,
				8983A96F261FF9F0007CBFFF /* Info.plist */,
			);
			path = "Canada Covid-19 Vaccine Tracker";
			sourceTree = "<group>";
		};
		8983A977261FF9F1007CBFFF /* Canada Covid-19 Vaccine TrackerTests */ = {
			isa = PBXGroup;
			children = (
				8983A978261FF9F1007CBFFF /* Canada_Covid_19_Vaccine_TrackerTests.swift */,
				8983A97A261FF9F1007CBFFF /* Info.plist */,
			);
			path = "Canada Covid-19 Vaccine TrackerTests";
			sourceTree = "<group>";
		};
		8983A982261FF9F1007CBFFF /* Canada Covid-19 Vaccine TrackerUITests */ = {
			isa = PBXGroup;
			children = (
				8983A983261FF9F1007CBFFF /* Canada_Covid_19_Vaccine_TrackerUITests.swift */,
				8983A985261FF9F1007CBFFF /* Info.plist */,
			);
			path = "Canada Covid-19 Vaccine TrackerUITests";
			sourceTree = "<group>";
		};
		9F717D58F4E19335D48814AD /* Frameworks */ = {
			isa = PBXGroup;
			children = (
				478AA2F1472FE910EDD43E0F /* Pods_Canada_Covid_19_Vaccine_Tracker.framework */,
				13455124090FDE03B1A2F3DF /* Pods_Canada_Covid_19_Vaccine_Tracker_Canada_Covid_19_Vaccine_TrackerUITests.framework */,
				01323559F879F4C2CDB2791C /* Pods_Canada_Covid_19_Vaccine_TrackerTests.framework */,
			);
			name = Frameworks;
			sourceTree = "<group>";
		};
/* End PBXGroup section */

/* Begin PBXNativeTarget section */
		8983A95D261FF9EC007CBFFF /* Canada Covid-19 Vaccine Tracker */ = {
			isa = PBXNativeTarget;
			buildConfigurationList = 8983A988261FF9F1007CBFFF /* Build configuration list for PBXNativeTarget "Canada Covid-19 Vaccine Tracker" */;
			buildPhases = (
				BAD3CCBBF2F3B307785FDB7F /* [CP] Check Pods Manifest.lock */,
				8983A95A261FF9EC007CBFFF /* Sources */,
				8983A95B261FF9EC007CBFFF /* Frameworks */,
				8983A95C261FF9EC007CBFFF /* Resources */,
				265DF87EE60AFADABC103B33 /* [CP] Embed Pods Frameworks */,
			);
			buildRules = (
			);
			dependencies = (
			);
			name = "Canada Covid-19 Vaccine Tracker";
			productName = "Canada Covid-19 Vaccine Tracker";
			productReference = 8993E8BB2620F64B0061DE72 /* Canada Covid-19 Vaccine Tracker.app */;
			productType = "com.apple.product-type.application";
		};
		8983A973261FF9F1007CBFFF /* Canada Covid-19 Vaccine TrackerTests */ = {
			isa = PBXNativeTarget;
			buildConfigurationList = 8983A98B261FF9F1007CBFFF /* Build configuration list for PBXNativeTarget "Canada Covid-19 Vaccine TrackerTests" */;
			buildPhases = (
				16465BD6CFEF338C7CCADE54 /* [CP] Check Pods Manifest.lock */,
				8983A970261FF9F1007CBFFF /* Sources */,
				8983A971261FF9F1007CBFFF /* Frameworks */,
				8983A972261FF9F1007CBFFF /* Resources */,
			);
			buildRules = (
			);
			dependencies = (
				8983A976261FF9F1007CBFFF /* PBXTargetDependency */,
			);
			name = "Canada Covid-19 Vaccine TrackerTests";
			productName = "Canada Covid-19 Vaccine TrackerTests";
			productReference = 89532DCB262219020074EFBE /* Canada Covid-19 Vaccine TrackerTests.xctest */;
			productType = "com.apple.product-type.bundle.unit-test";
		};
		8983A97E261FF9F1007CBFFF /* Canada Covid-19 Vaccine TrackerUITests */ = {
			isa = PBXNativeTarget;
			buildConfigurationList = 8983A98E261FF9F1007CBFFF /* Build configuration list for PBXNativeTarget "Canada Covid-19 Vaccine TrackerUITests" */;
			buildPhases = (
				4D17735451D402F1587D384E /* [CP] Check Pods Manifest.lock */,
				8983A97B261FF9F1007CBFFF /* Sources */,
				8983A97C261FF9F1007CBFFF /* Frameworks */,
				8983A97D261FF9F1007CBFFF /* Resources */,
				47B62E449AEDA9C4E62C5295 /* [CP] Embed Pods Frameworks */,
			);
			buildRules = (
			);
			dependencies = (
				8983A981261FF9F1007CBFFF /* PBXTargetDependency */,
			);
			name = "Canada Covid-19 Vaccine TrackerUITests";
			productName = "Canada Covid-19 Vaccine TrackerUITests";
			productReference = 89532DCC262219020074EFBE /* Canada Covid-19 Vaccine TrackerUITests.xctest */;
			productType = "com.apple.product-type.bundle.ui-testing";
		};
/* End PBXNativeTarget section */

/* Begin PBXProject section */
		8983A956261FF9EC007CBFFF /* Project object */ = {
			isa = PBXProject;
			attributes = {
				LastSwiftUpdateCheck = 1240;
				LastUpgradeCheck = 1240;
				TargetAttributes = {
					8983A95D261FF9EC007CBFFF = {
						CreatedOnToolsVersion = 12.4;
					};
					8983A973261FF9F1007CBFFF = {
						CreatedOnToolsVersion = 12.4;
						TestTargetID = 8983A95D261FF9EC007CBFFF;
					};
					8983A97E261FF9F1007CBFFF = {
						CreatedOnToolsVersion = 12.4;
						TestTargetID = 8983A95D261FF9EC007CBFFF;
					};
				};
			};
			buildConfigurationList = 8983A959261FF9EC007CBFFF /* Build configuration list for PBXProject "Canada Covid-19 Vaccine Tracker" */;
			compatibilityVersion = "Xcode 9.3";
			developmentRegion = en;
			hasScannedForEncodings = 0;
			knownRegions = (
				en,
				Base,
			);
			mainGroup = 8983A955261FF9EC007CBFFF;
			productRefGroup = 8983A955261FF9EC007CBFFF;
			projectDirPath = "";
			projectRoot = "";
			targets = (
				8983A95D261FF9EC007CBFFF /* Canada Covid-19 Vaccine Tracker */,
				8983A973261FF9F1007CBFFF /* Canada Covid-19 Vaccine TrackerTests */,
				8983A97E261FF9F1007CBFFF /* Canada Covid-19 Vaccine TrackerUITests */,
			);
		};
/* End PBXProject section */

/* Begin PBXResourcesBuildPhase section */
		8983A95C261FF9EC007CBFFF /* Resources */ = {
			isa = PBXResourcesBuildPhase;
			buildActionMask = 2147483647;
			files = (
				8983A96E261FF9F0007CBFFF /* LaunchScreen.storyboard in Resources */,
				89F78AFB262913D100CDCE8B /* hjbjbjb.storyboard in Resources */,
				8983A96B261FF9F0007CBFFF /* Assets.xcassets in Resources */,
				8983A969261FF9EC007CBFFF /* Main.storyboard in Resources */,
			);
			runOnlyForDeploymentPostprocessing = 0;
		};
		8983A972261FF9F1007CBFFF /* Resources */ = {
			isa = PBXResourcesBuildPhase;
			buildActionMask = 2147483647;
			files = (
			);
			runOnlyForDeploymentPostprocessing = 0;
		};
		8983A97D261FF9F1007CBFFF /* Resources */ = {
			isa = PBXResourcesBuildPhase;
			buildActionMask = 2147483647;
			files = (
			);
			runOnlyForDeploymentPostprocessing = 0;
		};
/* End PBXResourcesBuildPhase section */

/* Begin PBXShellScriptBuildPhase section */
		16465BD6CFEF338C7CCADE54 /* [CP] Check Pods Manifest.lock */ = {
			isa = PBXShellScriptBuildPhase;
			buildActionMask = 2147483647;
			files = (
			);
			inputFileListPaths = (
			);
			inputPaths = (
				"${PODS_PODFILE_DIR_PATH}/Podfile.lock",
				"${PODS_ROOT}/Manifest.lock",
			);
			name = "[CP] Check Pods Manifest.lock";
			outputFileListPaths = (
			);
			outputPaths = (
				"$(DERIVED_FILE_DIR)/Pods-Canada Covid-19 Vaccine TrackerTests-checkManifestLockResult.txt",
			);
			runOnlyForDeploymentPostprocessing = 0;
			shellPath = /bin/sh;
			shellScript = "diff \"${PODS_PODFILE_DIR_PATH}/Podfile.lock\" \"${PODS_ROOT}/Manifest.lock\" > /dev/null\nif [ $? != 0 ] ; then\n    # print error to STDERR\n    echo \"error: The sandbox is not in sync with the Podfile.lock. Run 'pod install' or update your CocoaPods installation.\" >&2\n    exit 1\nfi\n# This output is used by Xcode 'outputs' to avoid re-running this script phase.\necho \"SUCCESS\" > \"${SCRIPT_OUTPUT_FILE_0}\"\n";
			showEnvVarsInLog = 0;
		};
		265DF87EE60AFADABC103B33 /* [CP] Embed Pods Frameworks */ = {
			isa = PBXShellScriptBuildPhase;
			buildActionMask = 2147483647;
			files = (
			);
			inputFileListPaths = (
				"${PODS_ROOT}/Target Support Files/Pods-Canada Covid-19 Vaccine Tracker/Pods-Canada Covid-19 Vaccine Tracker-frameworks-${CONFIGURATION}-input-files.xcfilelist",
			);
			name = "[CP] Embed Pods Frameworks";
			outputFileListPaths = (
				"${PODS_ROOT}/Target Support Files/Pods-Canada Covid-19 Vaccine Tracker/Pods-Canada Covid-19 Vaccine Tracker-frameworks-${CONFIGURATION}-output-files.xcfilelist",
			);
			runOnlyForDeploymentPostprocessing = 0;
			shellPath = /bin/sh;
			shellScript = "\"${PODS_ROOT}/Target Support Files/Pods-Canada Covid-19 Vaccine Tracker/Pods-Canada Covid-19 Vaccine Tracker-frameworks.sh\"\n";
			showEnvVarsInLog = 0;
		};
		47B62E449AEDA9C4E62C5295 /* [CP] Embed Pods Frameworks */ = {
			isa = PBXShellScriptBuildPhase;
			buildActionMask = 2147483647;
			files = (
			);
			inputFileListPaths = (
				"${PODS_ROOT}/Target Support Files/Pods-Canada Covid-19 Vaccine Tracker-Canada Covid-19 Vaccine TrackerUITests/Pods-Canada Covid-19 Vaccine Tracker-Canada Covid-19 Vaccine TrackerUITests-frameworks-${CONFIGURATION}-input-files.xcfilelist",
			);
			name = "[CP] Embed Pods Frameworks";
			outputFileListPaths = (
				"${PODS_ROOT}/Target Support Files/Pods-Canada Covid-19 Vaccine Tracker-Canada Covid-19 Vaccine TrackerUITests/Pods-Canada Covid-19 Vaccine Tracker-Canada Covid-19 Vaccine TrackerUITests-frameworks-${CONFIGURATION}-output-files.xcfilelist",
			);
			runOnlyForDeploymentPostprocessing = 0;
			shellPath = /bin/sh;
			shellScript = "\"${PODS_ROOT}/Target Support Files/Pods-Canada Covid-19 Vaccine Tracker-Canada Covid-19 Vaccine TrackerUITests/Pods-Canada Covid-19 Vaccine Tracker-Canada Covid-19 Vaccine TrackerUITests-frameworks.sh\"\n";
			showEnvVarsInLog = 0;
		};
		4D17735451D402F1587D384E /* [CP] Check Pods Manifest.lock */ = {
			isa = PBXShellScriptBuildPhase;
			buildActionMask = 2147483647;
			files = (
			);
			inputFileListPaths = (
			);
			inputPaths = (
				"${PODS_PODFILE_DIR_PATH}/Podfile.lock",
				"${PODS_ROOT}/Manifest.lock",
			);
			name = "[CP] Check Pods Manifest.lock";
			outputFileListPaths = (
			);
			outputPaths = (
				"$(DERIVED_FILE_DIR)/Pods-Canada Covid-19 Vaccine Tracker-Canada Covid-19 Vaccine TrackerUITests-checkManifestLockResult.txt",
			);
			runOnlyForDeploymentPostprocessing = 0;
			shellPath = /bin/sh;
			shellScript = "diff \"${PODS_PODFILE_DIR_PATH}/Podfile.lock\" \"${PODS_ROOT}/Manifest.lock\" > /dev/null\nif [ $? != 0 ] ; then\n    # print error to STDERR\n    echo \"error: The sandbox is not in sync with the Podfile.lock. Run 'pod install' or update your CocoaPods installation.\" >&2\n    exit 1\nfi\n# This output is used by Xcode 'outputs' to avoid re-running this script phase.\necho \"SUCCESS\" > \"${SCRIPT_OUTPUT_FILE_0}\"\n";
			showEnvVarsInLog = 0;
		};
		BAD3CCBBF2F3B307785FDB7F /* [CP] Check Pods Manifest.lock */ = {
			isa = PBXShellScriptBuildPhase;
			buildActionMask = 2147483647;
			files = (
			);
			inputFileListPaths = (
			);
			inputPaths = (
				"${PODS_PODFILE_DIR_PATH}/Podfile.lock",
				"${PODS_ROOT}/Manifest.lock",
			);
			name = "[CP] Check Pods Manifest.lock";
			outputFileListPaths = (
			);
			outputPaths = (
				"$(DERIVED_FILE_DIR)/Pods-Canada Covid-19 Vaccine Tracker-checkManifestLockResult.txt",
			);
			runOnlyForDeploymentPostprocessing = 0;
			shellPath = /bin/sh;
			shellScript = "diff \"${PODS_PODFILE_DIR_PATH}/Podfile.lock\" \"${PODS_ROOT}/Manifest.lock\" > /dev/null\nif [ $? != 0 ] ; then\n    # print error to STDERR\n    echo \"error: The sandbox is not in sync with the Podfile.lock. Run 'pod install' or update your CocoaPods installation.\" >&2\n    exit 1\nfi\n# This output is used by Xcode 'outputs' to avoid re-running this script phase.\necho \"SUCCESS\" > \"${SCRIPT_OUTPUT_FILE_0}\"\n";
			showEnvVarsInLog = 0;
		};
/* End PBXShellScriptBuildPhase section */

/* Begin PBXSourcesBuildPhase section */
		8983A95A261FF9EC007CBFFF /* Sources */ = {
			isa = PBXSourcesBuildPhase;
			buildActionMask = 2147483647;
			files = (
				8983A995261FFE85007CBFFF /* SummaryData.swift in Sources */,
				8983A966261FF9EC007CBFFF /* ViewController.swift in Sources */,
				8983A99A261FFF67007CBFFF /* SummaryManager.swift in Sources */,
				8983A962261FF9EC007CBFFF /* AppDelegate.swift in Sources */,
				8983A964261FF9EC007CBFFF /* SceneDelegate.swift in Sources */,
			);
			runOnlyForDeploymentPostprocessing = 0;
		};
		8983A970261FF9F1007CBFFF /* Sources */ = {
			isa = PBXSourcesBuildPhase;
			buildActionMask = 2147483647;
			files = (
				8983A979261FF9F1007CBFFF /* Canada_Covid_19_Vaccine_TrackerTests.swift in Sources */,
			);
			runOnlyForDeploymentPostprocessing = 0;
		};
		8983A97B261FF9F1007CBFFF /* Sources */ = {
			isa = PBXSourcesBuildPhase;
			buildActionMask = 2147483647;
			files = (
				8983A984261FF9F1007CBFFF /* Canada_Covid_19_Vaccine_TrackerUITests.swift in Sources */,
			);
			runOnlyForDeploymentPostprocessing = 0;
		};
/* End PBXSourcesBuildPhase section */

/* Begin PBXTargetDependency section */
		8983A976261FF9F1007CBFFF /* PBXTargetDependency */ = {
			isa = PBXTargetDependency;
			target = 8983A95D261FF9EC007CBFFF /* Canada Covid-19 Vaccine Tracker */;
			targetProxy = 8983A975261FF9F1007CBFFF /* PBXContainerItemProxy */;
		};
		8983A981261FF9F1007CBFFF /* PBXTargetDependency */ = {
			isa = PBXTargetDependency;
			target = 8983A95D261FF9EC007CBFFF /* Canada Covid-19 Vaccine Tracker */;
			targetProxy = 8983A980261FF9F1007CBFFF /* PBXContainerItemProxy */;
		};
/* End PBXTargetDependency section */

/* Begin PBXVariantGroup section */
		8983A967261FF9EC007CBFFF /* Main.storyboard */ = {
			isa = PBXVariantGroup;
			children = (
				8983A968261FF9EC007CBFFF /* Base */,
			);
			name = Main.storyboard;
			sourceTree = "<group>";
		};
		8983A96C261FF9F0007CBFFF /* LaunchScreen.storyboard */ = {
			isa = PBXVariantGroup;
			children = (
				8983A96D261FF9F0007CBFFF /* Base */,
			);
			name = LaunchScreen.storyboard;
			sourceTree = "<group>";
		};
/* End PBXVariantGroup section */

/* Begin XCBuildConfiguration section */
		8983A986261FF9F1007CBFFF /* Debug */ = {
			isa = XCBuildConfiguration;
			buildSettings = {
				ALWAYS_SEARCH_USER_PATHS = NO;
				CLANG_ANALYZER_NONNULL = YES;
				CLANG_ANALYZER_NUMBER_OBJECT_CONVERSION = YES_AGGRESSIVE;
				CLANG_CXX_LANGUAGE_STANDARD = "gnu++14";
				CLANG_CXX_LIBRARY = "libc++";
				CLANG_ENABLE_MODULES = YES;
				CLANG_ENABLE_OBJC_ARC = YES;
				CLANG_ENABLE_OBJC_WEAK = YES;
				CLANG_WARN_BLOCK_CAPTURE_AUTORELEASING = YES;
				CLANG_WARN_BOOL_CONVERSION = YES;
				CLANG_WARN_COMMA = YES;
				CLANG_WARN_CONSTANT_CONVERSION = YES;
				CLANG_WARN_DEPRECATED_OBJC_IMPLEMENTATIONS = YES;
				CLANG_WARN_DIRECT_OBJC_ISA_USAGE = YES_ERROR;
				CLANG_WARN_DOCUMENTATION_COMMENTS = YES;
				CLANG_WARN_EMPTY_BODY = YES;
				CLANG_WARN_ENUM_CONVERSION = YES;
				CLANG_WARN_INFINITE_RECURSION = YES;
				CLANG_WARN_INT_CONVERSION = YES;
				CLANG_WARN_NON_LITERAL_NULL_CONVERSION = YES;
				CLANG_WARN_OBJC_IMPLICIT_RETAIN_SELF = YES;
				CLANG_WARN_OBJC_LITERAL_CONVERSION = YES;
				CLANG_WARN_OBJC_ROOT_CLASS = YES_ERROR;
				CLANG_WARN_QUOTED_INCLUDE_IN_FRAMEWORK_HEADER = YES;
				CLANG_WARN_RANGE_LOOP_ANALYSIS = YES;
				CLANG_WARN_STRICT_PROTOTYPES = YES;
				CLANG_WARN_SUSPICIOUS_MOVE = YES;
				CLANG_WARN_UNGUARDED_AVAILABILITY = YES_AGGRESSIVE;
				CLANG_WARN_UNREACHABLE_CODE = YES;
				CLANG_WARN__DUPLICATE_METHOD_MATCH = YES;
				COPY_PHASE_STRIP = NO;
				DEBUG_INFORMATION_FORMAT = dwarf;
				ENABLE_STRICT_OBJC_MSGSEND = YES;
				ENABLE_TESTABILITY = YES;
				GCC_C_LANGUAGE_STANDARD = gnu11;
				GCC_DYNAMIC_NO_PIC = NO;
				GCC_NO_COMMON_BLOCKS = YES;
				GCC_OPTIMIZATION_LEVEL = 0;
				GCC_PREPROCESSOR_DEFINITIONS = (
					"DEBUG=1",
					"$(inherited)",
				);
				GCC_WARN_64_TO_32_BIT_CONVERSION = YES;
				GCC_WARN_ABOUT_RETURN_TYPE = YES_ERROR;
				GCC_WARN_UNDECLARED_SELECTOR = YES;
				GCC_WARN_UNINITIALIZED_AUTOS = YES_AGGRESSIVE;
				GCC_WARN_UNUSED_FUNCTION = YES;
				GCC_WARN_UNUSED_VARIABLE = YES;
				IPHONEOS_DEPLOYMENT_TARGET = 14.4;
				MTL_ENABLE_DEBUG_INFO = INCLUDE_SOURCE;
				MTL_FAST_MATH = YES;
				ONLY_ACTIVE_ARCH = YES;
				SDKROOT = iphoneos;
				SWIFT_ACTIVE_COMPILATION_CONDITIONS = DEBUG;
				SWIFT_OPTIMIZATION_LEVEL = "-Onone";
			};
			name = Debug;
		};
		8983A987261FF9F1007CBFFF /* Release */ = {
			isa = XCBuildConfiguration;
			buildSettings = {
				ALWAYS_SEARCH_USER_PATHS = NO;
				CLANG_ANALYZER_NONNULL = YES;
				CLANG_ANALYZER_NUMBER_OBJECT_CONVERSION = YES_AGGRESSIVE;
				CLANG_CXX_LANGUAGE_STANDARD = "gnu++14";
				CLANG_CXX_LIBRARY = "libc++";
				CLANG_ENABLE_MODULES = YES;
				CLANG_ENABLE_OBJC_ARC = YES;
				CLANG_ENABLE_OBJC_WEAK = YES;
				CLANG_WARN_BLOCK_CAPTURE_AUTORELEASING = YES;
				CLANG_WARN_BOOL_CONVERSION = YES;
				CLANG_WARN_COMMA = YES;
				CLANG_WARN_CONSTANT_CONVERSION = YES;
				CLANG_WARN_DEPRECATED_OBJC_IMPLEMENTATIONS = YES;
				CLANG_WARN_DIRECT_OBJC_ISA_USAGE = YES_ERROR;
				CLANG_WARN_DOCUMENTATION_COMMENTS = YES;
				CLANG_WARN_EMPTY_BODY = YES;
				CLANG_WARN_ENUM_CONVERSION = YES;
				CLANG_WARN_INFINITE_RECURSION = YES;
				CLANG_WARN_INT_CONVERSION = YES;
				CLANG_WARN_NON_LITERAL_NULL_CONVERSION = YES;
				CLANG_WARN_OBJC_IMPLICIT_RETAIN_SELF = YES;
				CLANG_WARN_OBJC_LITERAL_CONVERSION = YES;
				CLANG_WARN_OBJC_ROOT_CLASS = YES_ERROR;
				CLANG_WARN_QUOTED_INCLUDE_IN_FRAMEWORK_HEADER = YES;
				CLANG_WARN_RANGE_LOOP_ANALYSIS = YES;
				CLANG_WARN_STRICT_PROTOTYPES = YES;
				CLANG_WARN_SUSPICIOUS_MOVE = YES;
				CLANG_WARN_UNGUARDED_AVAILABILITY = YES_AGGRESSIVE;
				CLANG_WARN_UNREACHABLE_CODE = YES;
				CLANG_WARN__DUPLICATE_METHOD_MATCH = YES;
				COPY_PHASE_STRIP = NO;
				DEBUG_INFORMATION_FORMAT = "dwarf-with-dsym";
				ENABLE_NS_ASSERTIONS = NO;
				ENABLE_STRICT_OBJC_MSGSEND = YES;
				GCC_C_LANGUAGE_STANDARD = gnu11;
				GCC_NO_COMMON_BLOCKS = YES;
				GCC_WARN_64_TO_32_BIT_CONVERSION = YES;
				GCC_WARN_ABOUT_RETURN_TYPE = YES_ERROR;
				GCC_WARN_UNDECLARED_SELECTOR = YES;
				GCC_WARN_UNINITIALIZED_AUTOS = YES_AGGRESSIVE;
				GCC_WARN_UNUSED_FUNCTION = YES;
				GCC_WARN_UNUSED_VARIABLE = YES;
				IPHONEOS_DEPLOYMENT_TARGET = 14.4;
				MTL_ENABLE_DEBUG_INFO = NO;
				MTL_FAST_MATH = YES;
				SDKROOT = iphoneos;
				SWIFT_COMPILATION_MODE = wholemodule;
				SWIFT_OPTIMIZATION_LEVEL = "-O";
				VALIDATE_PRODUCT = YES;
			};
			name = Release;
		};
		8983A989261FF9F1007CBFFF /* Debug */ = {
			isa = XCBuildConfiguration;
			baseConfigurationReference = 05DE6E3E9E48E09AF7FECB92 /* Pods-Canada Covid-19 Vaccine Tracker.debug.xcconfig */;
			buildSettings = {
				ASSETCATALOG_COMPILER_APPICON_NAME = AppIcon;
				ASSETCATALOG_COMPILER_GLOBAL_ACCENT_COLOR_NAME = AccentColor;
				CODE_SIGN_STYLE = Automatic;
				DEVELOPMENT_TEAM = FFHB5F748K;
				INFOPLIST_FILE = "Canada Covid-19 Vaccine Tracker/Info.plist";
				LD_RUNPATH_SEARCH_PATHS = (
					"$(inherited)",
					"@executable_path/Frameworks",
				);
				PRODUCT_BUNDLE_IDENTIFIER = "rahuln-uvic.ca.Canada-Covid-19-Vaccine-Tracker";
				PRODUCT_NAME = "$(TARGET_NAME)";
				SWIFT_VERSION = 5.0;
				TARGETED_DEVICE_FAMILY = 1;
			};
			name = Debug;
		};
		8983A98A261FF9F1007CBFFF /* Release */ = {
			isa = XCBuildConfiguration;
			baseConfigurationReference = 9D3A68D8E4A7CF7A418F6E15 /* Pods-Canada Covid-19 Vaccine Tracker.release.xcconfig */;
			buildSettings = {
				ASSETCATALOG_COMPILER_APPICON_NAME = AppIcon;
				ASSETCATALOG_COMPILER_GLOBAL_ACCENT_COLOR_NAME = AccentColor;
				CODE_SIGN_STYLE = Automatic;
				DEVELOPMENT_TEAM = FFHB5F748K;
				INFOPLIST_FILE = "Canada Covid-19 Vaccine Tracker/Info.plist";
				LD_RUNPATH_SEARCH_PATHS = (
					"$(inherited)",
					"@executable_path/Frameworks",
				);
				PRODUCT_BUNDLE_IDENTIFIER = "rahuln-uvic.ca.Canada-Covid-19-Vaccine-Tracker";
				PRODUCT_NAME = "$(TARGET_NAME)";
				SWIFT_VERSION = 5.0;
				TARGETED_DEVICE_FAMILY = 1;
			};
			name = Release;
		};
		8983A98C261FF9F1007CBFFF /* Debug */ = {
			isa = XCBuildConfiguration;
			baseConfigurationReference = 46C282C398D695FF05AB7452 /* Pods-Canada Covid-19 Vaccine TrackerTests.debug.xcconfig */;
			buildSettings = {
				ALWAYS_EMBED_SWIFT_STANDARD_LIBRARIES = YES;
				BUNDLE_LOADER = "$(TEST_HOST)";
				CODE_SIGN_STYLE = Automatic;
				DEVELOPMENT_TEAM = FFHB5F748K;
				INFOPLIST_FILE = "Canada Covid-19 Vaccine TrackerTests/Info.plist";
				IPHONEOS_DEPLOYMENT_TARGET = 14.4;
				LD_RUNPATH_SEARCH_PATHS = (
					"$(inherited)",
					"@executable_path/Frameworks",
					"@loader_path/Frameworks",
				);
				PRODUCT_BUNDLE_IDENTIFIER = "rahuln-uvic.ca.Canada-Covid-19-Vaccine-TrackerTests";
				PRODUCT_NAME = "$(TARGET_NAME)";
				SWIFT_VERSION = 5.0;
				TARGETED_DEVICE_FAMILY = "1,2";
				TEST_HOST = "$(BUILT_PRODUCTS_DIR)/Canada Covid-19 Vaccine Tracker.app/Canada Covid-19 Vaccine Tracker";
			};
			name = Debug;
		};
		8983A98D261FF9F1007CBFFF /* Release */ = {
			isa = XCBuildConfiguration;
			baseConfigurationReference = 6A71A3C89170B7655FFF3AC4 /* Pods-Canada Covid-19 Vaccine TrackerTests.release.xcconfig */;
			buildSettings = {
				ALWAYS_EMBED_SWIFT_STANDARD_LIBRARIES = YES;
				BUNDLE_LOADER = "$(TEST_HOST)";
				CODE_SIGN_STYLE = Automatic;
				DEVELOPMENT_TEAM = FFHB5F748K;
				INFOPLIST_FILE = "Canada Covid-19 Vaccine TrackerTests/Info.plist";
				IPHONEOS_DEPLOYMENT_TARGET = 14.4;
				LD_RUNPATH_SEARCH_PATHS = (
					"$(inherited)",
					"@executable_path/Frameworks",
					"@loader_path/Frameworks",
				);
				PRODUCT_BUNDLE_IDENTIFIER = "rahuln-uvic.ca.Canada-Covid-19-Vaccine-TrackerTests";
				PRODUCT_NAME = "$(TARGET_NAME)";
				SWIFT_VERSION = 5.0;
				TARGETED_DEVICE_FAMILY = "1,2";
				TEST_HOST = "$(BUILT_PRODUCTS_DIR)/Canada Covid-19 Vaccine Tracker.app/Canada Covid-19 Vaccine Tracker";
			};
			name = Release;
		};
		8983A98F261FF9F1007CBFFF /* Debug */ = {
			isa = XCBuildConfiguration;
			baseConfigurationReference = 2FA143D781FAF91D0A4B51AA /* Pods-Canada Covid-19 Vaccine Tracker-Canada Covid-19 Vaccine TrackerUITests.debug.xcconfig */;
			buildSettings = {
				ALWAYS_EMBED_SWIFT_STANDARD_LIBRARIES = YES;
				CODE_SIGN_STYLE = Automatic;
				DEVELOPMENT_TEAM = FFHB5F748K;
				INFOPLIST_FILE = "Canada Covid-19 Vaccine TrackerUITests/Info.plist";
				LD_RUNPATH_SEARCH_PATHS = (
					"$(inherited)",
					"@executable_path/Frameworks",
					"@loader_path/Frameworks",
				);
				PRODUCT_BUNDLE_IDENTIFIER = "rahuln-uvic.ca.Canada-Covid-19-Vaccine-TrackerUITests";
				PRODUCT_NAME = "$(TARGET_NAME)";
				SWIFT_VERSION = 5.0;
				TARGETED_DEVICE_FAMILY = "1,2";
				TEST_TARGET_NAME = "Canada Covid-19 Vaccine Tracker";
			};
			name = Debug;
		};
		8983A990261FF9F1007CBFFF /* Release */ = {
			isa = XCBuildConfiguration;
			baseConfigurationReference = ABB0939C150745FE836FF26E /* Pods-Canada Covid-19 Vaccine Tracker-Canada Covid-19 Vaccine TrackerUITests.release.xcconfig */;
			buildSettings = {
				ALWAYS_EMBED_SWIFT_STANDARD_LIBRARIES = YES;
				CODE_SIGN_STYLE = Automatic;
				DEVELOPMENT_TEAM = FFHB5F748K;
				INFOPLIST_FILE = "Canada Covid-19 Vaccine TrackerUITests/Info.plist";
				LD_RUNPATH_SEARCH_PATHS = (
					"$(inherited)",
					"@executable_path/Frameworks",
					"@loader_path/Frameworks",
				);
				PRODUCT_BUNDLE_IDENTIFIER = "rahuln-uvic.ca.Canada-Covid-19-Vaccine-TrackerUITests";
				PRODUCT_NAME = "$(TARGET_NAME)";
				SWIFT_VERSION = 5.0;
				TARGETED_DEVICE_FAMILY = "1,2";
				TEST_TARGET_NAME = "Canada Covid-19 Vaccine Tracker";
			};
			name = Release;
		};
/* End XCBuildConfiguration section */

/* Begin XCConfigurationList section */
		8983A959261FF9EC007CBFFF /* Build configuration list for PBXProject "Canada Covid-19 Vaccine Tracker" */ = {
			isa = XCConfigurationList;
			buildConfigurations = (
				8983A986261FF9F1007CBFFF /* Debug */,
				8983A987261FF9F1007CBFFF /* Release */,
			);
			defaultConfigurationIsVisible = 0;
			defaultConfigurationName = Release;
		};
		8983A988261FF9F1007CBFFF /* Build configuration list for PBXNativeTarget "Canada Covid-19 Vaccine Tracker" */ = {
			isa = XCConfigurationList;
			buildConfigurations = (
				8983A989261FF9F1007CBFFF /* Debug */,
				8983A98A261FF9F1007CBFFF /* Release */,
			);
			defaultConfigurationIsVisible = 0;
			defaultConfigurationName = Release;
		};
		8983A98B261FF9F1007CBFFF /* Build configuration list for PBXNativeTarget "Canada Covid-19 Vaccine TrackerTests" */ = {
			isa = XCConfigurationList;
			buildConfigurations = (
				8983A98C261FF9F1007CBFFF /* Debug */,
				8983A98D261FF9F1007CBFFF /* Release */,
			);
			defaultConfigurationIsVisible = 0;
			defaultConfigurationName = Release;
		};
		8983A98E261FF9F1007CBFFF /* Build configuration list for PBXNativeTarget "Canada Covid-19 Vaccine TrackerUITests" */ = {
			isa = XCConfigurationList;
			buildConfigurations = (
				8983A98F261FF9F1007CBFFF /* Debug */,
				8983A990261FF9F1007CBFFF /* Release */,
			);
			defaultConfigurationIsVisible = 0;
			defaultConfigurationName = Release;
		};
/* End XCConfigurationList section */
	};
	rootObject = 8983A956261FF9EC007CBFFF /* Project object */;
}
